
Microsoft Visual Studio Solution File, Format Version 12.00
# Visual Studio Version 16
VisualStudioVersion = 16.0.29609.76
MinimumVisualStudioVersion = 10.0.40219.1
Project("{FAE04EC0-301F-11D3-BF4B-00C04F79EFBC}") = "XFPDF.Android", "XFPDF.Android\XFPDF.Android.csproj", "{8D7AC716-2167-4198-A450-549640467C9B}"
EndProject
Project("{FAE04EC0-301F-11D3-BF4B-00C04F79EFBC}") = "XFPDF.iOS", "XFPDF.iOS\XFPDF.iOS.csproj", "{EAADB44D-BB73-4749-8C70-2A9DADEF0040}"
EndProject
Project("{FAE04EC0-301F-11D3-BF4B-00C04F79EFBC}") = "XFPDF", "XFPDF\XFPDF.csproj", "{D117643A-C463-4DB3-84CB-A44900E35994}"
EndProject
Global
	GlobalSection(SolutionConfigurationPlatforms) = preSolution
		Debug|Any CPU = Debug|Any CPU
		Debug|iPhone = Debug|iPhone
		Debug|iPhoneSimulator = Debug|iPhoneSimulator
		Release|Any CPU = Release|Any CPU
		Release|iPhone = Release|iPhone
		Release|iPhoneSimulator = Release|iPhoneSimulator
	EndGlobalSection
	GlobalSection(ProjectConfigurationPlatforms) = postSolution
		{8D7AC716-2167-4198-A450-549640467C9B}.Debug|Any CPU.ActiveCfg = Debug|Any CPU
		{8D7AC716-2167-4198-A450-549640467C9B}.Debug|Any CPU.Build.0 = Debug|Any CPU
		{8D7AC716-2167-4198-A450-549640467C9B}.Debug|Any CPU.Deploy.0 = Debug|Any CPU
		{8D7AC716-2167-4198-A450-549640467C9B}.Debug|iPhone.ActiveCfg = Debug|Any CPU
		{8D7AC716-2167-4198-A450-549640467C9B}.Debug|iPhone.Build.0 = Debug|Any CPU
		{8D7AC716-2167-4198-A450-549640467C9B}.Debug|iPhone.Deploy.0 = Debug|Any CPU
		{8D7AC716-2167-4198-A450-549640467C9B}.Debug|iPhoneSimulator.ActiveCfg = Debug|Any CPU
		{8D7AC716-2167-4198-A450-549640467C9B}.Debug|iPhoneSimulator.Build.0 = Debug|Any CPU
		{8D7AC716-2167-4198-A450-549640467C9B}.Debug|iPhoneSimulator.Deploy.0 = Debug|Any CPU
		{8D7AC716-2167-4198-A450-549640467C9B}.Release|Any CPU.ActiveCfg = Release|Any CPU
		{8D7AC716-2167-4198-A450-549640467C9B}.Release|Any CPU.Build.0 = Release|Any CPU
		{8D7AC716-2167-4198-A450-549640467C9B}.Release|Any CPU.Deploy.0 = Release|Any CPU
		{8D7AC716-2167-4198-A450-549640467C9B}.Release|iPhone.ActiveCfg = Release|Any CPU
		{8D7AC716-2167-4198-A450-549640467C9B}.Release|iPhone.Build.0 = Release|Any CPU
		{8D7AC716-2167-4198-A450-549640467C9B}.Release|iPhone.Deploy.0 = Release|Any CPU
		{8D7AC716-2167-4198-A450-549640467C9B}.Release|iPhoneSimulator.ActiveCfg = Release|Any CPU
		{8D7AC716-2167-4198-A450-549640467C9B}.Release|iPhoneSimulator.Build.0 = Release|Any CPU
		{8D7AC716-2167-4198-A450-549640467C9B}.Release|iPhoneSimulator.Deploy.0 = Release|Any CPU
		{EAADB44D-BB73-4749-8C70-2A9DADEF0040}.Debug|Any CPU.ActiveCfg = Debug|iPhoneSimulator
		{EAADB44D-BB73-4749-8C70-2A9DADEF0040}.Debug|Any CPU.Build.0 = Debug|iPhoneSimulator
		{EAADB44D-BB73-4749-8C70-2A9DADEF0040}.Debug|Any CPU.Deploy.0 = Debug|iPhoneSimulator
		{EAADB44D-BB73-4749-8C70-2A9DADEF0040}.Debug|iPhone.ActiveCfg = Debug|iPhone
		{EAADB44D-BB73-4749-8C70-2A9DADEF0040}.Debug|iPhone.Build.0 = Debug|iPhone
		{EAADB44D-BB73-4749-8C70-2A9DADEF0040}.Debug|iPhone.Deploy.0 = Debug|iPhone
		{EAADB44D-BB73-4749-8C70-2A9DADEF0040}.Debug|iPhoneSimulator.ActiveCfg = Debug|iPhoneSimulator
		{EAADB44D-BB73-4749-8C70-2A9DADEF0040}.Debug|iPhoneSimulator.Build.0 = Debug|iPhoneSimulator
		{EAADB44D-BB73-4749-8C70-2A9DADEF0040}.Debug|iPhoneSimulator.Deploy.0 = Debug|iPhoneSimulator
		{EAADB44D-BB73-4749-8C70-2A9DADEF0040}.Release|Any CPU.ActiveCfg = Release|iPhone
		{EAADB44D-BB73-4749-8C70-2A9DADEF0040}.Release|Any CPU.Build.0 = Release|iPhone
		{EAADB44D-BB73-4749-8C70-2A9DADEF0040}.Release|Any CPU.Deploy.0 = Release|iPhone
		{EAADB44D-BB73-4749-8C70-2A9DADEF0040}.Release|iPhone.ActiveCfg = Release|iPhone
		{EAADB44D-BB73-4749-8C70-2A9DADEF0040}.Release|iPhone.Build.0 = Release|iPhone
		{EAADB44D-BB73-4749-8C70-2A9DADEF0040}.Release|iPhone.Deploy.0 = Release|iPhone
		{EAADB44D-BB73-4749-8C70-2A9DADEF0040}.Release|iPhoneSimulator.ActiveCfg = Release|iPhoneSimulator
		{EAADB44D-BB73-4749-8C70-2A9DADEF0040}.Release|iPhoneSimulator.Build.0 = Release|iPhoneSimulator
		{EAADB44D-BB73-4749-8C70-2A9DADEF0040}.Release|iPhoneSimulator.Deploy.0 = Release|iPhoneSimulator
		{D117643A-C463-4DB3-84CB-A44900E35994}.Debug|Any CPU.ActiveCfg = Debug|Any CPU
		{D117643A-C463-4DB3-84CB-A44900E35994}.Debug|Any CPU.Build.0 = Debug|Any CPU
		{D117643A-C463-4DB3-84CB-A44900E35994}.Debug|Any CPU.Deploy.0 = Debug|Any CPU
		{D117643A-C463-4DB3-84CB-A44900E35994}.Debug|iPhone.ActiveCfg = Debug|Any CPU
		{D117643A-C463-4DB3-84CB-A44900E35994}.Debug|iPhone.Build.0 = Debug|Any CPU
		{D117643A-C463-4DB3-84CB-A44900E35994}.Debug|iPhone.Deploy.0 = Debug|Any CPU
		{D117643A-C463-4DB3-84CB-A44900E35994}.Debug|iPhoneSimulator.ActiveCfg = Debug|Any CPU
		{D117643A-C463-4DB3-84CB-A44900E35994}.Debug|iPhoneSimulator.Build.0 = Debug|Any CPU
		{D117643A-C463-4DB3-84CB-A44900E35994}.Debug|iPhoneSimulator.Deploy.0 = Debug|Any CPU
		{D117643A-C463-4DB3-84CB-A44900E35994}.Release|Any CPU.ActiveCfg = Release|Any CPU
		{D117643A-C463-4DB3-84CB-A44900E35994}.Release|Any CPU.Build.0 = Release|Any CPU
		{D117643A-C463-4DB3-84CB-A44900E35994}.Release|Any CPU.Deploy.0 = Release|Any CPU
		{D117643A-C463-4DB3-84CB-A44900E35994}.Release|iPhone.ActiveCfg = Release|Any CPU
		{D117643A-C463-4DB3-84CB-A44900E35994}.Release|iPhone.Build.0 = Release|Any CPU
		{D117643A-C463-4DB3-84CB-A44900E35994}.Release|iPhone.Deploy.0 = Release|Any CPU
		{D117643A-C463-4DB3-84CB-A44900E35994}.Release|iPhoneSimulator.ActiveCfg = Release|Any CPU
		{D117643A-C463-4DB3-84CB-A44900E35994}.Release|iPhoneSimulator.Build.0 = Release|Any CPU
		{D117643A-C463-4DB3-84CB-A44900E35994}.Release|iPhoneSimulator.Deploy.0 = Release|Any CPU
	EndGlobalSection
	GlobalSection(SolutionProperties) = preSolution
		HideSolutionNode = FALSE
	EndGlobalSection
	GlobalSection(ExtensibilityGlobals) = postSolution
		SolutionGuid = {3F683D81-F8ED-4621-B8E0-3C959C43FF4A}
	EndGlobalSection
EndGlobal
